
Microsoft Visual Studio Solution File, Format Version 12.00
# Visual Studio 15
VisualStudioVersion = 15.0.28307.1231
MinimumVisualStudioVersion = 10.0.40219.1
Project("{8BC9CEB8-8B4A-11D0-8D11-00A0C91BC942}") = "TP IRI Ultima Esfera", "TP IRI Ultima Esfera\TP IRI Ultima Esfera.vcxproj", "{FE1E09C6-B3EE-4D1A-B20F-3A47B55062D3}"
EndProject
Project("{8BC9CEB8-8B4A-11D0-8D11-00A0C91BC942}") = "UnitTest_TP_IRI", "UnitTest_TP_IRI\UnitTest_TP_IRI.vcxproj", "{4056BF03-57E9-4A5C-ADD1-7B385ABAD80A}"
EndProject
Global
	GlobalSection(SolutionConfigurationPlatforms) = preSolution
		Debug|x64 = Debug|x64
		Debug|x86 = Debug|x86
		Release|x64 = Release|x64
		Release|x86 = Release|x86
	EndGlobalSection
	GlobalSection(ProjectConfigurationPlatforms) = postSolution
		{FE1E09C6-B3EE-4D1A-B20F-3A47B55062D3}.Debug|x64.ActiveCfg = Debug|x64
		{FE1E09C6-B3EE-4D1A-B20F-3A47B55062D3}.Debug|x64.Build.0 = Debug|x64
		{FE1E09C6-B3EE-4D1A-B20F-3A47B55062D3}.Debug|x86.ActiveCfg = Debug|Win32
		{FE1E09C6-B3EE-4D1A-B20F-3A47B55062D3}.Debug|x86.Build.0 = Debug|Win32
		{FE1E09C6-B3EE-4D1A-B20F-3A47B55062D3}.Release|x64.ActiveCfg = Release|x64
		{FE1E09C6-B3EE-4D1A-B20F-3A47B55062D3}.Release|x64.Build.0 = Release|x64
		{FE1E09C6-B3EE-4D1A-B20F-3A47B55062D3}.Release|x86.ActiveCfg = Release|Win32
		{FE1E09C6-B3EE-4D1A-B20F-3A47B55062D3}.Release|x86.Build.0 = Release|Win32
		{4056BF03-57E9-4A5C-ADD1-7B385ABAD80A}.Debug|x64.ActiveCfg = Debug|x64
		{4056BF03-57E9-4A5C-ADD1-7B385ABAD80A}.Debug|x64.Build.0 = Debug|x64
		{4056BF03-57E9-4A5C-ADD1-7B385ABAD80A}.Debug|x86.ActiveCfg = Debug|Win32
		{4056BF03-57E9-4A5C-ADD1-7B385ABAD80A}.Debug|x86.Build.0 = Debug|Win32
		{4056BF03-57E9-4A5C-ADD1-7B385ABAD80A}.Release|x64.ActiveCfg = Release|x64
		{4056BF03-57E9-4A5C-ADD1-7B385ABAD80A}.Release|x64.Build.0 = Release|x64
		{4056BF03-57E9-4A5C-ADD1-7B385ABAD80A}.Release|x86.ActiveCfg = Release|Win32
		{4056BF03-57E9-4A5C-ADD1-7B385ABAD80A}.Release|x86.Build.0 = Release|Win32
	EndGlobalSection
	GlobalSection(SolutionProperties) = preSolution
		HideSolutionNode = FALSE
	EndGlobalSection
	GlobalSection(ExtensibilityGlobals) = postSolution
		SolutionGuid = {76435692-5416-40C9-8349-88FC5BAA84B3}
	EndGlobalSection
EndGlobal
